
Microsoft Visual Studio Solution File, Format Version 12.00
Project("{FAE04EC0-301F-11D3-BF4B-00C04F79EFBC}") = "PmsAgentManager", "PmsAgentManager\PmsAgentManager.csproj", "{EF39D308-3F44-4741-B2E7-A11C94B84FFE}"
EndProject
Project("{FAE04EC0-301F-11D3-BF4B-00C04F79EFBC}") = "ManagerTest", "ManagerTest\ManagerTest.csproj", "{937B0503-3D88-4FEF-B5E7-074A120993F9}"
EndProject
Global
	GlobalSection(SolutionConfigurationPlatforms) = preSolution
		Debug|Any CPU = Debug|Any CPU
		Release|Any CPU = Release|Any CPU
	EndGlobalSection
	GlobalSection(ProjectConfigurationPlatforms) = postSolution
		{EF39D308-3F44-4741-B2E7-A11C94B84FFE}.Debug|Any CPU.ActiveCfg = Debug|Any CPU
		{EF39D308-3F44-4741-B2E7-A11C94B84FFE}.Debug|Any CPU.Build.0 = Debug|Any CPU
		{EF39D308-3F44-4741-B2E7-A11C94B84FFE}.Release|Any CPU.ActiveCfg = Release|Any CPU
		{EF39D308-3F44-4741-B2E7-A11C94B84FFE}.Release|Any CPU.Build.0 = Release|Any CPU
		{937B0503-3D88-4FEF-B5E7-074A120993F9}.Debug|Any CPU.ActiveCfg = Debug|Any CPU
		{937B0503-3D88-4FEF-B5E7-074A120993F9}.Debug|Any CPU.Build.0 = Debug|Any CPU
		{937B0503-3D88-4FEF-B5E7-074A120993F9}.Release|Any CPU.ActiveCfg = Release|Any CPU
		{937B0503-3D88-4FEF-B5E7-074A120993F9}.Release|Any CPU.Build.0 = Release|Any CPU
	EndGlobalSection
EndGlobal
